
Microsoft Visual Studio Solution File, Format Version 12.00
# Visual Studio Version 16
VisualStudioVersion = 16.0.31727.386
MinimumVisualStudioVersion = 10.0.40219.1
Project("{FAE04EC0-301F-11D3-BF4B-00C04F79EFBC}") = "ConsoleAppDialogWithAD", "ConsoleAppDialogWithAD\ConsoleAppDialogWithAD.csproj", "{BDD0B264-D152-4B10-8B94-13836989D45C}"
EndProject
Global
	GlobalSection(SolutionConfigurationPlatforms) = preSolution
		Debug|Any CPU = Debug|Any CPU
		Release|Any CPU = Release|Any CPU
	EndGlobalSection
	GlobalSection(ProjectConfigurationPlatforms) = postSolution
		{BDD0B264-D152-4B10-8B94-13836989D45C}.Debug|Any CPU.ActiveCfg = Debug|Any CPU
		{BDD0B264-D152-4B10-8B94-13836989D45C}.Debug|Any CPU.Build.0 = Debug|Any CPU
		{BDD0B264-D152-4B10-8B94-13836989D45C}.Release|Any CPU.ActiveCfg = Release|Any CPU
		{BDD0B264-D152-4B10-8B94-13836989D45C}.Release|Any CPU.Build.0 = Release|Any CPU
	EndGlobalSection
	GlobalSection(SolutionProperties) = preSolution
		HideSolutionNode = FALSE
	EndGlobalSection
	GlobalSection(ExtensibilityGlobals) = postSolution
		SolutionGuid = {54CFA317-CC63-498E-9018-7669D5016559}
	EndGlobalSection
EndGlobal
